{
  "object": {
    "pins": [
      {
        "package": "CCIF",
        "repositoryURL": "https://github.com/xtallography/Swift-CCIF",
        "state": {
          "branch": null,
          "revision": "bb0c586116734d912cb6bfe463ef9b14c616e5a5",
          "version": "0.4.2"
        }
      }
    ]
  },
  "version": 1
}
